// !$*UTF8*$!
{
	archiveVersion = 1;
	classes = {
	};
	objectVersion = 46;
	objects = {

/* Begin PBXBuildFile section */
		180E006713D19F83005DF14C /* WallViewController.m in Sources */ = {isa = PBXBuildFile; fileRef = 180E006613D19F83005DF14C /* WallViewController.m */; };
		180E01AC13D1B201005DF14C /* missing-people.png in Resources */ = {isa = PBXBuildFile; fileRef = 180E01AB13D1B201005DF14C /* missing-people.png */; };
		1873AB0413D16FB3001A999B /* AFKPageFlipper.m in Sources */ = {isa = PBXBuildFile; fileRef = 1873AB0313D16FB3001A999B /* AFKPageFlipper.m */; };
		1873AB2513D17044001A999B /* QuartzCore.framework in Frameworks */ = {isa = PBXBuildFile; fileRef = 1873AB2413D17044001A999B /* QuartzCore.framework */; };
		1873ABE513D17378001A999B /* flip-illusion-oriented.jpg in Resources */ = {isa = PBXBuildFile; fileRef = 1873ABE313D17377001A999B /* flip-illusion-oriented.jpg */; };
		1873ABE613D17378001A999B /* flip-illusion.png in Resources */ = {isa = PBXBuildFile; fileRef = 1873ABE413D17378001A999B /* flip-illusion.png */; };
		1873AC0D13D173AC001A999B /* unselected-page.png in Resources */ = {isa = PBXBuildFile; fileRef = 1873AC0B13D173AC001A999B /* unselected-page.png */; };
		1873AC0E13D173AC001A999B /* selected-page.png in Resources */ = {isa = PBXBuildFile; fileRef = 1873AC0C13D173AC001A999B /* selected-page.png */; };
		1873AC2A13D17428001A999B /* FullScreenView.m in Sources */ = {isa = PBXBuildFile; fileRef = 1873AC2113D17428001A999B /* FullScreenView.m */; };
		1873AC2B13D17428001A999B /* TitleAndTextView.m in Sources */ = {isa = PBXBuildFile; fileRef = 1873AC2313D17428001A999B /* TitleAndTextView.m */; };
		1873AC2C13D17428001A999B /* UIViewExtention.m in Sources */ = {isa = PBXBuildFile; fileRef = 1873AC2513D17428001A999B /* UIViewExtention.m */; };
		1873AC2D13D17428001A999B /* HeaderView.m in Sources */ = {isa = PBXBuildFile; fileRef = 1873AC2713D17428001A999B /* HeaderView.m */; };
		1873AC2E13D17428001A999B /* FooterView.m in Sources */ = {isa = PBXBuildFile; fileRef = 1873AC2913D17428001A999B /* FooterView.m */; };
		1873AC4113D1743A001A999B /* LayoutViewExtention.m in Sources */ = {isa = PBXBuildFile; fileRef = 1873AC3013D1743A001A999B /* LayoutViewExtention.m */; };
		1873AC4213D1743A001A999B /* Layout5.m in Sources */ = {isa = PBXBuildFile; fileRef = 1873AC3213D1743A001A999B /* Layout5.m */; };
		1873AC4313D1743A001A999B /* Layout6.m in Sources */ = {isa = PBXBuildFile; fileRef = 1873AC3413D1743A001A999B /* Layout6.m */; };
		1873AC4413D1743A001A999B /* Layout7.m in Sources */ = {isa = PBXBuildFile; fileRef = 1873AC3613D1743A001A999B /* Layout7.m */; };
		1873AC4513D1743A001A999B /* Layout8.m in Sources */ = {isa = PBXBuildFile; fileRef = 1873AC3813D1743A001A999B /* Layout8.m */; };
		1873AC4613D1743A001A999B /* Layout4.m in Sources */ = {isa = PBXBuildFile; fileRef = 1873AC3A13D1743A001A999B /* Layout4.m */; };
		1873AC4713D1743A001A999B /* Layout3.m in Sources */ = {isa = PBXBuildFile; fileRef = 1873AC3C13D1743A001A999B /* Layout3.m */; };
		1873AC4813D1743A001A999B /* Layout2.m in Sources */ = {isa = PBXBuildFile; fileRef = 1873AC3E13D1743A001A999B /* Layout2.m */; };
		1873AC4913D1743A001A999B /* Layout1.m in Sources */ = {isa = PBXBuildFile; fileRef = 1873AC4013D1743A001A999B /* Layout1.m */; };
		1873AC5913D17550001A999B /* MessageModel.m in Sources */ = {isa = PBXBuildFile; fileRef = 1873AC5813D17550001A999B /* MessageModel.m */; };
		18D45F7B13D4365000BB814D /* close-popup.png in Resources */ = {isa = PBXBuildFile; fileRef = 18D45F7A13D4365000BB814D /* close-popup.png */; };
		18FD403713DB18460080C465 /* License in Resources */ = {isa = PBXBuildFile; fileRef = 18FD403613DB18460080C465 /* License */; };
		1D3623260D0F684500981E51 /* FlipViewAppDelegate.m in Sources */ = {isa = PBXBuildFile; fileRef = 1D3623250D0F684500981E51 /* FlipViewAppDelegate.m */; };
		1D60589B0D05DD56006BFB54 /* main.m in Sources */ = {isa = PBXBuildFile; fileRef = 29B97316FDCFA39411CA2CEA /* main.m */; };
		1D60589F0D05DD5A006BFB54 /* Foundation.framework in Frameworks */ = {isa = PBXBuildFile; fileRef = 1D30AB110D05D00D00671497 /* Foundation.framework */; };
		1DF5F4E00D08C38300B7A737 /* UIKit.framework in Frameworks */ = {isa = PBXBuildFile; fileRef = 1DF5F4DF0D08C38300B7A737 /* UIKit.framework */; };
		288765A50DF7441C002DB57D /* CoreGraphics.framework in Frameworks */ = {isa = PBXBuildFile; fileRef = 288765A40DF7441C002DB57D /* CoreGraphics.framework */; };
		28AD733F0D9D9553002E5188 /* MainWindow.xib in Resources */ = {isa = PBXBuildFile; fileRef = 28AD733E0D9D9553002E5188 /* MainWindow.xib */; };
		B1287CDD1473797C004E2F9C /* HTMLNode.m in Sources */ = {isa = PBXBuildFile; fileRef = B1287CD91473797C004E2F9C /* HTMLNode.m */; };
		B1287CDE1473797C004E2F9C /* HTMLParser.m in Sources */ = {isa = PBXBuildFile; fileRef = B1287CDB1473797C004E2F9C /* HTMLParser.m */; };
		B1287CE1147379C2004E2F9C /* libxml2.dylib in Frameworks */ = {isa = PBXBuildFile; fileRef = B1287CE0147379C2004E2F9C /* libxml2.dylib */; };
		B12AA0DB147034F6004DE401 /* style.css in Resources */ = {isa = PBXBuildFile; fileRef = B12AA0DA147034F6004DE401 /* style.css */; };
		B152A122146FC19100F3E0D0 /* logo-reflets.jpg in Resources */ = {isa = PBXBuildFile; fileRef = B152A121146FC19100F3E0D0 /* logo-reflets.jpg */; };
		B152A124146FC22700F3E0D0 /* logo-reflets-header.jpg in Resources */ = {isa = PBXBuildFile; fileRef = B152A123146FC22700F3E0D0 /* logo-reflets-header.jpg */; };
		B152A126146FC8B300F3E0D0 /* Default-Portrait~ipad.png in Resources */ = {isa = PBXBuildFile; fileRef = B152A125146FC8B300F3E0D0 /* Default-Portrait~ipad.png */; };
		B152A128146FC8B800F3E0D0 /* Default-Landscape~ipad.png in Resources */ = {isa = PBXBuildFile; fileRef = B152A127146FC8B800F3E0D0 /* Default-Landscape~ipad.png */; };
		B152A12A146FC8F300F3E0D0 /* icon-app-ipad.png in Resources */ = {isa = PBXBuildFile; fileRef = B152A129146FC8F300F3E0D0 /* icon-app-ipad.png */; };
		B15AA769146D6FB000131196 /* MBProgressHUD.m in Sources */ = {isa = PBXBuildFile; fileRef = B15AA768146D6FB000131196 /* MBProgressHUD.m */; };
		B17AF59B142623E6004B50AF /* GTMNSString+HTML.m in Sources */ = {isa = PBXBuildFile; fileRef = B17AF58B142623E6004B50AF /* GTMNSString+HTML.m */; };
		B17AF59C142623E6004B50AF /* MWFeedInfo.m in Sources */ = {isa = PBXBuildFile; fileRef = B17AF58D142623E6004B50AF /* MWFeedInfo.m */; };
		B17AF59D142623E6004B50AF /* MWFeedItem.m in Sources */ = {isa = PBXBuildFile; fileRef = B17AF58F142623E6004B50AF /* MWFeedItem.m */; };
		B17AF59E142623E6004B50AF /* MWFeedParser.m in Sources */ = {isa = PBXBuildFile; fileRef = B17AF592142623E6004B50AF /* MWFeedParser.m */; };
		B17AF5A0142623E6004B50AF /* NSDate+InternetDateTime.m in Sources */ = {isa = PBXBuildFile; fileRef = B17AF596142623E6004B50AF /* NSDate+InternetDateTime.m */; };
		B17AF5A1142623E6004B50AF /* NSString+HTML.m in Sources */ = {isa = PBXBuildFile; fileRef = B17AF598142623E6004B50AF /* NSString+HTML.m */; };
		B17AF5A2142623E6004B50AF /* NSString+XMLEntities.m in Sources */ = {isa = PBXBuildFile; fileRef = B17AF59A142623E6004B50AF /* NSString+XMLEntities.m */; };
		B18C6DA7146FF8E0004AB620 /* logo-reflets-button.png in Resources */ = {isa = PBXBuildFile; fileRef = B18C6DA6146FF8E0004AB620 /* logo-reflets-button.png */; };
/* End PBXBuildFile section */

/* Begin PBXFileReference section */
		180E006513D19F83005DF14C /* WallViewController.h */ = {isa = PBXFileReference; fileEncoding = 4; lastKnownFileType = sourcecode.c.h; path = WallViewController.h; sourceTree = "<group>"; };
		180E006613D19F83005DF14C /* WallViewController.m */ = {isa = PBXFileReference; fileEncoding = 4; lastKnownFileType = sourcecode.c.objc; path = WallViewController.m; sourceTree = "<group>"; };
		180E01AB13D1B201005DF14C /* missing-people.png */ = {isa = PBXFileReference; lastKnownFileType = image.png; path = "missing-people.png"; sourceTree = "<group>"; };
		1873AB0213D16FB3001A999B /* AFKPageFlipper.h */ = {isa = PBXFileReference; fileEncoding = 4; lastKnownFileType = sourcecode.c.h; path = AFKPageFlipper.h; sourceTree = "<group>"; };
		1873AB0313D16FB3001A999B /* AFKPageFlipper.m */ = {isa = PBXFileReference; fileEncoding = 4; lastKnownFileType = sourcecode.c.objc; path = AFKPageFlipper.m; sourceTree = "<group>"; };
		1873AB2413D17044001A999B /* QuartzCore.framework */ = {isa = PBXFileReference; lastKnownFileType = wrapper.framework; name = QuartzCore.framework; path = System/Library/Frameworks/QuartzCore.framework; sourceTree = SDKROOT; };
		1873AB7113D1726E001A999B /* ColorHelper.h */ = {isa = PBXFileReference; fileEncoding = 4; lastKnownFileType = sourcecode.c.h; path = ColorHelper.h; sourceTree = "<group>"; };
		1873ABE313D17377001A999B /* flip-illusion-oriented.jpg */ = {isa = PBXFileReference; lastKnownFileType = image.jpeg; path = "flip-illusion-oriented.jpg"; sourceTree = "<group>"; };
		1873ABE413D17378001A999B /* flip-illusion.png */ = {isa = PBXFileReference; lastKnownFileType = image.png; path = "flip-illusion.png"; sourceTree = "<group>"; };
		1873AC0B13D173AC001A999B /* unselected-page.png */ = {isa = PBXFileReference; lastKnownFileType = image.png; path = "unselected-page.png"; sourceTree = "<group>"; };
		1873AC0C13D173AC001A999B /* selected-page.png */ = {isa = PBXFileReference; lastKnownFileType = image.png; path = "selected-page.png"; sourceTree = "<group>"; };
		1873AC2013D17428001A999B /* FullScreenView.h */ = {isa = PBXFileReference; fileEncoding = 4; lastKnownFileType = sourcecode.c.h; path = FullScreenView.h; sourceTree = "<group>"; };
		1873AC2113D17428001A999B /* FullScreenView.m */ = {isa = PBXFileReference; fileEncoding = 4; lastKnownFileType = sourcecode.c.objc; path = FullScreenView.m; sourceTree = "<group>"; };
		1873AC2213D17428001A999B /* TitleAndTextView.h */ = {isa = PBXFileReference; fileEncoding = 4; lastKnownFileType = sourcecode.c.h; path = TitleAndTextView.h; sourceTree = "<group>"; };
		1873AC2313D17428001A999B /* TitleAndTextView.m */ = {isa = PBXFileReference; fileEncoding = 4; lastKnownFileType = sourcecode.c.objc; path = TitleAndTextView.m; sourceTree = "<group>"; };
		1873AC2413D17428001A999B /* UIViewExtention.h */ = {isa = PBXFileReference; fileEncoding = 4; lastKnownFileType = sourcecode.c.h; path = UIViewExtention.h; sourceTree = "<group>"; };
		1873AC2513D17428001A999B /* UIViewExtention.m */ = {isa = PBXFileReference; fileEncoding = 4; lastKnownFileType = sourcecode.c.objc; path = UIViewExtention.m; sourceTree = "<group>"; };
		1873AC2613D17428001A999B /* HeaderView.h */ = {isa = PBXFileReference; fileEncoding = 4; lastKnownFileType = sourcecode.c.h; path = HeaderView.h; sourceTree = "<group>"; };
		1873AC2713D17428001A999B /* HeaderView.m */ = {isa = PBXFileReference; fileEncoding = 4; lastKnownFileType = sourcecode.c.objc; path = HeaderView.m; sourceTree = "<group>"; };
		1873AC2813D17428001A999B /* FooterView.h */ = {isa = PBXFileReference; fileEncoding = 4; lastKnownFileType = sourcecode.c.h; path = FooterView.h; sourceTree = "<group>"; };
		1873AC2913D17428001A999B /* FooterView.m */ = {isa = PBXFileReference; fileEncoding = 4; lastKnownFileType = sourcecode.c.objc; path = FooterView.m; sourceTree = "<group>"; };
		1873AC2F13D17439001A999B /* LayoutViewExtention.h */ = {isa = PBXFileReference; fileEncoding = 4; lastKnownFileType = sourcecode.c.h; path = LayoutViewExtention.h; sourceTree = "<group>"; };
		1873AC3013D1743A001A999B /* LayoutViewExtention.m */ = {isa = PBXFileReference; fileEncoding = 4; lastKnownFileType = sourcecode.c.objc; path = LayoutViewExtention.m; sourceTree = "<group>"; };
		1873AC3113D1743A001A999B /* Layout5.h */ = {isa = PBXFileReference; fileEncoding = 4; lastKnownFileType = sourcecode.c.h; path = Layout5.h; sourceTree = "<group>"; };
		1873AC3213D1743A001A999B /* Layout5.m */ = {isa = PBXFileReference; fileEncoding = 4; lastKnownFileType = sourcecode.c.objc; path = Layout5.m; sourceTree = "<group>"; };
		1873AC3313D1743A001A999B /* Layout6.h */ = {isa = PBXFileReference; fileEncoding = 4; lastKnownFileType = sourcecode.c.h; path = Layout6.h; sourceTree = "<group>"; };
		1873AC3413D1743A001A999B /* Layout6.m */ = {isa = PBXFileReference; fileEncoding = 4; lastKnownFileType = sourcecode.c.objc; path = Layout6.m; sourceTree = "<group>"; };
		1873AC3513D1743A001A999B /* Layout7.h */ = {isa = PBXFileReference; fileEncoding = 4; lastKnownFileType = sourcecode.c.h; path = Layout7.h; sourceTree = "<group>"; };
		1873AC3613D1743A001A999B /* Layout7.m */ = {isa = PBXFileReference; fileEncoding = 4; lastKnownFileType = sourcecode.c.objc; path = Layout7.m; sourceTree = "<group>"; };
		1873AC3713D1743A001A999B /* Layout8.h */ = {isa = PBXFileReference; fileEncoding = 4; lastKnownFileType = sourcecode.c.h; path = Layout8.h; sourceTree = "<group>"; };
		1873AC3813D1743A001A999B /* Layout8.m */ = {isa = PBXFileReference; fileEncoding = 4; lastKnownFileType = sourcecode.c.objc; path = Layout8.m; sourceTree = "<group>"; };
		1873AC3913D1743A001A999B /* Layout4.h */ = {isa = PBXFileReference; fileEncoding = 4; lastKnownFileType = sourcecode.c.h; path = Layout4.h; sourceTree = "<group>"; };
		1873AC3A13D1743A001A999B /* Layout4.m */ = {isa = PBXFileReference; fileEncoding = 4; lastKnownFileType = sourcecode.c.objc; path = Layout4.m; sourceTree = "<group>"; };
		1873AC3B13D1743A001A999B /* Layout3.h */ = {isa = PBXFileReference; fileEncoding = 4; lastKnownFileType = sourcecode.c.h; path = Layout3.h; sourceTree = "<group>"; };
		1873AC3C13D1743A001A999B /* Layout3.m */ = {isa = PBXFileReference; fileEncoding = 4; lastKnownFileType = sourcecode.c.objc; path = Layout3.m; sourceTree = "<group>"; };
		1873AC3D13D1743A001A999B /* Layout2.h */ = {isa = PBXFileReference; fileEncoding = 4; lastKnownFileType = sourcecode.c.h; path = Layout2.h; sourceTree = "<group>"; };
		1873AC3E13D1743A001A999B /* Layout2.m */ = {isa = PBXFileReference; fileEncoding = 4; lastKnownFileType = sourcecode.c.objc; path = Layout2.m; sourceTree = "<group>"; };
		1873AC3F13D1743A001A999B /* Layout1.h */ = {isa = PBXFileReference; fileEncoding = 4; lastKnownFileType = sourcecode.c.h; path = Layout1.h; sourceTree = "<group>"; };
		1873AC4013D1743A001A999B /* Layout1.m */ = {isa = PBXFileReference; fileEncoding = 4; lastKnownFileType = sourcecode.c.objc; path = Layout1.m; sourceTree = "<group>"; };
		1873AC5713D17550001A999B /* MessageModel.h */ = {isa = PBXFileReference; fileEncoding = 4; lastKnownFileType = sourcecode.c.h; path = MessageModel.h; sourceTree = "<group>"; };
		1873AC5813D17550001A999B /* MessageModel.m */ = {isa = PBXFileReference; fileEncoding = 4; lastKnownFileType = sourcecode.c.objc; path = MessageModel.m; sourceTree = "<group>"; };
		18D45F7A13D4365000BB814D /* close-popup.png */ = {isa = PBXFileReference; lastKnownFileType = image.png; path = "close-popup.png"; sourceTree = "<group>"; };
		18FD403613DB18460080C465 /* License */ = {isa = PBXFileReference; fileEncoding = 4; lastKnownFileType = text; path = License; sourceTree = "<group>"; };
		1D30AB110D05D00D00671497 /* Foundation.framework */ = {isa = PBXFileReference; lastKnownFileType = wrapper.framework; name = Foundation.framework; path = System/Library/Frameworks/Foundation.framework; sourceTree = SDKROOT; };
		1D3623240D0F684500981E51 /* FlipViewAppDelegate.h */ = {isa = PBXFileReference; fileEncoding = 4; lastKnownFileType = sourcecode.c.h; path = FlipViewAppDelegate.h; sourceTree = "<group>"; };
		1D3623250D0F684500981E51 /* FlipViewAppDelegate.m */ = {isa = PBXFileReference; fileEncoding = 4; lastKnownFileType = sourcecode.c.objc; path = FlipViewAppDelegate.m; sourceTree = "<group>"; };
		1D6058910D05DD3D006BFB54 /* iRefletsInfo.app */ = {isa = PBXFileReference; explicitFileType = wrapper.application; includeInIndex = 0; path = iRefletsInfo.app; sourceTree = BUILT_PRODUCTS_DIR; };
		1DF5F4DF0D08C38300B7A737 /* UIKit.framework */ = {isa = PBXFileReference; lastKnownFileType = wrapper.framework; name = UIKit.framework; path = System/Library/Frameworks/UIKit.framework; sourceTree = SDKROOT; };
		288765A40DF7441C002DB57D /* CoreGraphics.framework */ = {isa = PBXFileReference; lastKnownFileType = wrapper.framework; name = CoreGraphics.framework; path = System/Library/Frameworks/CoreGraphics.framework; sourceTree = SDKROOT; };
		28AD733E0D9D9553002E5188 /* MainWindow.xib */ = {isa = PBXFileReference; lastKnownFileType = file.xib; path = MainWindow.xib; sourceTree = "<group>"; };
		29B97316FDCFA39411CA2CEA /* main.m */ = {isa = PBXFileReference; fileEncoding = 4; lastKnownFileType = sourcecode.c.objc; path = main.m; sourceTree = "<group>"; };
		32CA4F630368D1EE00C91783 /* iRefletsInfo_Prefix.pch */ = {isa = PBXFileReference; fileEncoding = 4; lastKnownFileType = sourcecode.c.h; path = iRefletsInfo_Prefix.pch; sourceTree = "<group>"; };
		8D1107310486CEB800E47090 /* iRefletsInfo-Info.plist */ = {isa = PBXFileReference; fileEncoding = 4; lastKnownFileType = text.plist.xml; path = "iRefletsInfo-Info.plist"; plistStructureDefinitionIdentifier = "com.apple.xcode.plist.structure-definition.iphone.info-plist"; sourceTree = "<group>"; };
		B1287CD81473797C004E2F9C /* HTMLNode.h */ = {isa = PBXFileReference; fileEncoding = 4; lastKnownFileType = sourcecode.c.h; path = HTMLNode.h; sourceTree = "<group>"; };
		B1287CD91473797C004E2F9C /* HTMLNode.m */ = {isa = PBXFileReference; fileEncoding = 4; lastKnownFileType = sourcecode.c.objc; path = HTMLNode.m; sourceTree = "<group>"; };
		B1287CDA1473797C004E2F9C /* HTMLParser.h */ = {isa = PBXFileReference; fileEncoding = 4; lastKnownFileType = sourcecode.c.h; path = HTMLParser.h; sourceTree = "<group>"; };
		B1287CDB1473797C004E2F9C /* HTMLParser.m */ = {isa = PBXFileReference; fileEncoding = 4; lastKnownFileType = sourcecode.c.objc; path = HTMLParser.m; sourceTree = "<group>"; };
		B1287CE0147379C2004E2F9C /* libxml2.dylib */ = {isa = PBXFileReference; lastKnownFileType = "compiled.mach-o.dylib"; name = libxml2.dylib; path = usr/lib/libxml2.dylib; sourceTree = SDKROOT; };
		B12AA0DA147034F6004DE401 /* style.css */ = {isa = PBXFileReference; fileEncoding = 4; lastKnownFileType = text.css; path = style.css; sourceTree = "<group>"; };
		B152A121146FC19100F3E0D0 /* logo-reflets.jpg */ = {isa = PBXFileReference; lastKnownFileType = image.jpeg; path = "logo-reflets.jpg"; sourceTree = "<group>"; };
		B152A123146FC22700F3E0D0 /* logo-reflets-header.jpg */ = {isa = PBXFileReference; lastKnownFileType = image.jpeg; path = "logo-reflets-header.jpg"; sourceTree = "<group>"; };
		B152A125146FC8B300F3E0D0 /* Default-Portrait~ipad.png */ = {isa = PBXFileReference; lastKnownFileType = image.png; path = "Default-Portrait~ipad.png"; sourceTree = "<group>"; };
		B152A127146FC8B800F3E0D0 /* Default-Landscape~ipad.png */ = {isa = PBXFileReference; lastKnownFileType = image.png; path = "Default-Landscape~ipad.png"; sourceTree = "<group>"; };
		B152A129146FC8F300F3E0D0 /* icon-app-ipad.png */ = {isa = PBXFileReference; lastKnownFileType = image.png; path = "icon-app-ipad.png"; sourceTree = "<group>"; };
		B152A12F146FCE2A00F3E0D0 /* Constants.h */ = {isa = PBXFileReference; fileEncoding = 4; lastKnownFileType = sourcecode.c.h; path = Constants.h; sourceTree = "<group>"; };
		B15AA767146D6FB000131196 /* MBProgressHUD.h */ = {isa = PBXFileReference; fileEncoding = 4; lastKnownFileType = sourcecode.c.h; name = MBProgressHUD.h; path = ../../../../github/MBProgressHUD/MBProgressHUD.h; sourceTree = "<group>"; };
		B15AA768146D6FB000131196 /* MBProgressHUD.m */ = {isa = PBXFileReference; fileEncoding = 4; lastKnownFileType = sourcecode.c.objc; name = MBProgressHUD.m; path = ../../../../github/MBProgressHUD/MBProgressHUD.m; sourceTree = "<group>"; };
		B17AF58A142623E6004B50AF /* GTMNSString+HTML.h */ = {isa = PBXFileReference; fileEncoding = 4; lastKnownFileType = sourcecode.c.h; path = "GTMNSString+HTML.h"; sourceTree = "<group>"; };
		B17AF58B142623E6004B50AF /* GTMNSString+HTML.m */ = {isa = PBXFileReference; fileEncoding = 4; lastKnownFileType = sourcecode.c.objc; path = "GTMNSString+HTML.m"; sourceTree = "<group>"; };
		B17AF58C142623E6004B50AF /* MWFeedInfo.h */ = {isa = PBXFileReference; fileEncoding = 4; lastKnownFileType = sourcecode.c.h; path = MWFeedInfo.h; sourceTree = "<group>"; };
		B17AF58D142623E6004B50AF /* MWFeedInfo.m */ = {isa = PBXFileReference; fileEncoding = 4; lastKnownFileType = sourcecode.c.objc; path = MWFeedInfo.m; sourceTree = "<group>"; };
		B17AF58E142623E6004B50AF /* MWFeedItem.h */ = {isa = PBXFileReference; fileEncoding = 4; lastKnownFileType = sourcecode.c.h; path = MWFeedItem.h; sourceTree = "<group>"; };
		B17AF58F142623E6004B50AF /* MWFeedItem.m */ = {isa = PBXFileReference; fileEncoding = 4; lastKnownFileType = sourcecode.c.objc; path = MWFeedItem.m; sourceTree = "<group>"; };
		B17AF590142623E6004B50AF /* MWFeedParser_Private.h */ = {isa = PBXFileReference; fileEncoding = 4; lastKnownFileType = sourcecode.c.h; path = MWFeedParser_Private.h; sourceTree = "<group>"; };
		B17AF591142623E6004B50AF /* MWFeedParser.h */ = {isa = PBXFileReference; fileEncoding = 4; lastKnownFileType = sourcecode.c.h; path = MWFeedParser.h; sourceTree = "<group>"; };
		B17AF592142623E6004B50AF /* MWFeedParser.m */ = {isa = PBXFileReference; fileEncoding = 4; lastKnownFileType = sourcecode.c.objc; path = MWFeedParser.m; sourceTree = "<group>"; };
		B17AF595142623E6004B50AF /* NSDate+InternetDateTime.h */ = {isa = PBXFileReference; fileEncoding = 4; lastKnownFileType = sourcecode.c.h; path = "NSDate+InternetDateTime.h"; sourceTree = "<group>"; };
		B17AF596142623E6004B50AF /* NSDate+InternetDateTime.m */ = {isa = PBXFileReference; fileEncoding = 4; lastKnownFileType = sourcecode.c.objc; path = "NSDate+InternetDateTime.m"; sourceTree = "<group>"; };
		B17AF597142623E6004B50AF /* NSString+HTML.h */ = {isa = PBXFileReference; fileEncoding = 4; lastKnownFileType = sourcecode.c.h; path = "NSString+HTML.h"; sourceTree = "<group>"; };
		B17AF598142623E6004B50AF /* NSString+HTML.m */ = {isa = PBXFileReference; fileEncoding = 4; lastKnownFileType = sourcecode.c.objc; path = "NSString+HTML.m"; sourceTree = "<group>"; };
		B17AF599142623E6004B50AF /* NSString+XMLEntities.h */ = {isa = PBXFileReference; fileEncoding = 4; lastKnownFileType = sourcecode.c.h; path = "NSString+XMLEntities.h"; sourceTree = "<group>"; };
		B17AF59A142623E6004B50AF /* NSString+XMLEntities.m */ = {isa = PBXFileReference; fileEncoding = 4; lastKnownFileType = sourcecode.c.objc; path = "NSString+XMLEntities.m"; sourceTree = "<group>"; };
		B18C6DA6146FF8E0004AB620 /* logo-reflets-button.png */ = {isa = PBXFileReference; lastKnownFileType = image.png; path = "logo-reflets-button.png"; sourceTree = "<group>"; };
/* End PBXFileReference section */

/* Begin PBXFrameworksBuildPhase section */
		1D60588F0D05DD3D006BFB54 /* Frameworks */ = {
			isa = PBXFrameworksBuildPhase;
			buildActionMask = 2147483647;
			files = (
				B1287CE1147379C2004E2F9C /* libxml2.dylib in Frameworks */,
				1D60589F0D05DD5A006BFB54 /* Foundation.framework in Frameworks */,
				1DF5F4E00D08C38300B7A737 /* UIKit.framework in Frameworks */,
				288765A50DF7441C002DB57D /* CoreGraphics.framework in Frameworks */,
				1873AB2513D17044001A999B /* QuartzCore.framework in Frameworks */,
			);
			runOnlyForDeploymentPostprocessing = 0;
		};
/* End PBXFrameworksBuildPhase section */

/* Begin PBXGroup section */
		080E96DDFE201D6D7F000001 /* Classes */ = {
			isa = PBXGroup;
			children = (
				B1287CD71473797C004E2F9C /* HTML-Parser */,
				B15AA765146D6F9D00131196 /* MBProgressHud */,
				B17AF589142623C8004B50AF /* MWFeedParser */,
				1873AC5613D1753F001A999B /* Model */,
				1873AB7013D1723E001A999B /* Helper */,
				1873AB0113D16F96001A999B /* AFKPageFlipper */,
				1873AAF813D16F29001A999B /* Layouts */,
				1873AAF713D16F21001A999B /* Views */,
				1873AAF613D16F0B001A999B /* Controllers */,
				1D3623240D0F684500981E51 /* FlipViewAppDelegate.h */,
				1D3623250D0F684500981E51 /* FlipViewAppDelegate.m */,
			);
			path = Classes;
			sourceTree = "<group>";
		};
		1873AAF613D16F0B001A999B /* Controllers */ = {
			isa = PBXGroup;
			children = (
				180E006513D19F83005DF14C /* WallViewController.h */,
				180E006613D19F83005DF14C /* WallViewController.m */,
			);
			name = Controllers;
			sourceTree = "<group>";
		};
		1873AAF713D16F21001A999B /* Views */ = {
			isa = PBXGroup;
			children = (
				1873AC2013D17428001A999B /* FullScreenView.h */,
				1873AC2113D17428001A999B /* FullScreenView.m */,
				1873AC2213D17428001A999B /* TitleAndTextView.h */,
				1873AC2313D17428001A999B /* TitleAndTextView.m */,
				1873AC2413D17428001A999B /* UIViewExtention.h */,
				1873AC2513D17428001A999B /* UIViewExtention.m */,
				1873AC2613D17428001A999B /* HeaderView.h */,
				1873AC2713D17428001A999B /* HeaderView.m */,
				1873AC2813D17428001A999B /* FooterView.h */,
				1873AC2913D17428001A999B /* FooterView.m */,
			);
			name = Views;
			sourceTree = "<group>";
		};
		1873AAF813D16F29001A999B /* Layouts */ = {
			isa = PBXGroup;
			children = (
				1873AC2F13D17439001A999B /* LayoutViewExtention.h */,
				1873AC3013D1743A001A999B /* LayoutViewExtention.m */,
				1873AC3113D1743A001A999B /* Layout5.h */,
				1873AC3213D1743A001A999B /* Layout5.m */,
				1873AC3313D1743A001A999B /* Layout6.h */,
				1873AC3413D1743A001A999B /* Layout6.m */,
				1873AC3513D1743A001A999B /* Layout7.h */,
				1873AC3613D1743A001A999B /* Layout7.m */,
				1873AC3713D1743A001A999B /* Layout8.h */,
				1873AC3813D1743A001A999B /* Layout8.m */,
				1873AC3913D1743A001A999B /* Layout4.h */,
				1873AC3A13D1743A001A999B /* Layout4.m */,
				1873AC3B13D1743A001A999B /* Layout3.h */,
				1873AC3C13D1743A001A999B /* Layout3.m */,
				1873AC3D13D1743A001A999B /* Layout2.h */,
				1873AC3E13D1743A001A999B /* Layout2.m */,
				1873AC3F13D1743A001A999B /* Layout1.h */,
				1873AC4013D1743A001A999B /* Layout1.m */,
			);
			name = Layouts;
			sourceTree = "<group>";
		};
		1873AB0113D16F96001A999B /* AFKPageFlipper */ = {
			isa = PBXGroup;
			children = (
				1873AB0213D16FB3001A999B /* AFKPageFlipper.h */,
				1873AB0313D16FB3001A999B /* AFKPageFlipper.m */,
			);
			name = AFKPageFlipper;
			sourceTree = "<group>";
		};
		1873AB7013D1723E001A999B /* Helper */ = {
			isa = PBXGroup;
			children = (
				1873AB7113D1726E001A999B /* ColorHelper.h */,
				B152A12F146FCE2A00F3E0D0 /* Constants.h */,
			);
			name = Helper;
			sourceTree = "<group>";
		};
		1873AC5613D1753F001A999B /* Model */ = {
			isa = PBXGroup;
			children = (
				1873AC5713D17550001A999B /* MessageModel.h */,
				1873AC5813D17550001A999B /* MessageModel.m */,
			);
			name = Model;
			sourceTree = "<group>";
		};
		19C28FACFE9D520D11CA2CBB /* Products */ = {
			isa = PBXGroup;
			children = (
				1D6058910D05DD3D006BFB54 /* iRefletsInfo.app */,
			);
			name = Products;
			sourceTree = "<group>";
		};
		29B97314FDCFA39411CA2CEA /* CustomTemplate */ = {
			isa = PBXGroup;
			children = (
				B1287CE0147379C2004E2F9C /* libxml2.dylib */,
				B152A129146FC8F300F3E0D0 /* icon-app-ipad.png */,
				B152A127146FC8B800F3E0D0 /* Default-Landscape~ipad.png */,
				B152A125146FC8B300F3E0D0 /* Default-Portrait~ipad.png */,
				18FD403613DB18460080C465 /* License */,
				080E96DDFE201D6D7F000001 /* Classes */,
				29B97315FDCFA39411CA2CEA /* Other Sources */,
				29B97317FDCFA39411CA2CEA /* Resources */,
				29B97323FDCFA39411CA2CEA /* Frameworks */,
				19C28FACFE9D520D11CA2CBB /* Products */,
			);
			name = CustomTemplate;
			sourceTree = "<group>";
		};
		29B97315FDCFA39411CA2CEA /* Other Sources */ = {
			isa = PBXGroup;
			children = (
				32CA4F630368D1EE00C91783 /* iRefletsInfo_Prefix.pch */,
				29B97316FDCFA39411CA2CEA /* main.m */,
			);
			name = "Other Sources";
			sourceTree = "<group>";
		};
		29B97317FDCFA39411CA2CEA /* Resources */ = {
			isa = PBXGroup;
			children = (
				B12AA0DA147034F6004DE401 /* style.css */,
				B18C6DA6146FF8E0004AB620 /* logo-reflets-button.png */,
				B152A123146FC22700F3E0D0 /* logo-reflets-header.jpg */,
				B152A121146FC19100F3E0D0 /* logo-reflets.jpg */,
				18D45F7A13D4365000BB814D /* close-popup.png */,
				180E01AB13D1B201005DF14C /* missing-people.png */,
				1873AC0B13D173AC001A999B /* unselected-page.png */,
				1873AC0C13D173AC001A999B /* selected-page.png */,
				1873ABE313D17377001A999B /* flip-illusion-oriented.jpg */,
				1873ABE413D17378001A999B /* flip-illusion.png */,
				28AD733E0D9D9553002E5188 /* MainWindow.xib */,
				8D1107310486CEB800E47090 /* iRefletsInfo-Info.plist */,
			);
			name = Resources;
			sourceTree = "<group>";
		};
		29B97323FDCFA39411CA2CEA /* Frameworks */ = {
			isa = PBXGroup;
			children = (
				1DF5F4DF0D08C38300B7A737 /* UIKit.framework */,
				1D30AB110D05D00D00671497 /* Foundation.framework */,
				288765A40DF7441C002DB57D /* CoreGraphics.framework */,
				1873AB2413D17044001A999B /* QuartzCore.framework */,
			);
			name = Frameworks;
			sourceTree = "<group>";
		};
		B1287CD71473797C004E2F9C /* HTML-Parser */ = {
			isa = PBXGroup;
			children = (
				B1287CD81473797C004E2F9C /* HTMLNode.h */,
				B1287CD91473797C004E2F9C /* HTMLNode.m */,
				B1287CDA1473797C004E2F9C /* HTMLParser.h */,
				B1287CDB1473797C004E2F9C /* HTMLParser.m */,
			);
			path = "HTML-Parser";
			sourceTree = "<group>";
		};
		B15AA765146D6F9D00131196 /* MBProgressHud */ = {
			isa = PBXGroup;
			children = (
				B15AA767146D6FB000131196 /* MBProgressHUD.h */,
				B15AA768146D6FB000131196 /* MBProgressHUD.m */,
			);
			name = MBProgressHud;
			sourceTree = "<group>";
		};
		B17AF589142623C8004B50AF /* MWFeedParser */ = {
			isa = PBXGroup;
			children = (
				B17AF58A142623E6004B50AF /* GTMNSString+HTML.h */,
				B17AF58B142623E6004B50AF /* GTMNSString+HTML.m */,
				B17AF58C142623E6004B50AF /* MWFeedInfo.h */,
				B17AF58D142623E6004B50AF /* MWFeedInfo.m */,
				B17AF58E142623E6004B50AF /* MWFeedItem.h */,
				B17AF58F142623E6004B50AF /* MWFeedItem.m */,
				B17AF590142623E6004B50AF /* MWFeedParser_Private.h */,
				B17AF591142623E6004B50AF /* MWFeedParser.h */,
				B17AF592142623E6004B50AF /* MWFeedParser.m */,
				B17AF595142623E6004B50AF /* NSDate+InternetDateTime.h */,
				B17AF596142623E6004B50AF /* NSDate+InternetDateTime.m */,
				B17AF597142623E6004B50AF /* NSString+HTML.h */,
				B17AF598142623E6004B50AF /* NSString+HTML.m */,
				B17AF599142623E6004B50AF /* NSString+XMLEntities.h */,
				B17AF59A142623E6004B50AF /* NSString+XMLEntities.m */,
			);
			name = MWFeedParser;
			sourceTree = "<group>";
		};
/* End PBXGroup section */

/* Begin PBXNativeTarget section */
		1D6058900D05DD3D006BFB54 /* iRefletsInfo */ = {
			isa = PBXNativeTarget;
			buildConfigurationList = 1D6058960D05DD3E006BFB54 /* Build configuration list for PBXNativeTarget "iRefletsInfo" */;
			buildPhases = (
				1D60588D0D05DD3D006BFB54 /* Resources */,
				1D60588E0D05DD3D006BFB54 /* Sources */,
				1D60588F0D05DD3D006BFB54 /* Frameworks */,
			);
			buildRules = (
			);
			dependencies = (
			);
			name = iRefletsInfo;
			productName = FlipViewProject;
			productReference = 1D6058910D05DD3D006BFB54 /* iRefletsInfo.app */;
			productType = "com.apple.product-type.application";
		};
/* End PBXNativeTarget section */

/* Begin PBXProject section */
		29B97313FDCFA39411CA2CEA /* Project object */ = {
			isa = PBXProject;
			attributes = {
				LastUpgradeCheck = 0420;
			};
			buildConfigurationList = C01FCF4E08A954540054247B /* Build configuration list for PBXProject "iRefletsInfo" */;
			compatibilityVersion = "Xcode 3.2";
			developmentRegion = English;
			hasScannedForEncodings = 1;
			knownRegions = (
				English,
				Japanese,
				French,
				German,
			);
			mainGroup = 29B97314FDCFA39411CA2CEA /* CustomTemplate */;
			projectDirPath = "";
			projectRoot = "";
			targets = (
				1D6058900D05DD3D006BFB54 /* iRefletsInfo */,
			);
		};
/* End PBXProject section */

/* Begin PBXResourcesBuildPhase section */
		1D60588D0D05DD3D006BFB54 /* Resources */ = {
			isa = PBXResourcesBuildPhase;
			buildActionMask = 2147483647;
			files = (
				28AD733F0D9D9553002E5188 /* MainWindow.xib in Resources */,
				1873ABE513D17378001A999B /* flip-illusion-oriented.jpg in Resources */,
				1873ABE613D17378001A999B /* flip-illusion.png in Resources */,
				1873AC0D13D173AC001A999B /* unselected-page.png in Resources */,
				1873AC0E13D173AC001A999B /* selected-page.png in Resources */,
				180E01AC13D1B201005DF14C /* missing-people.png in Resources */,
				18D45F7B13D4365000BB814D /* close-popup.png in Resources */,
				18FD403713DB18460080C465 /* License in Resources */,
				B152A122146FC19100F3E0D0 /* logo-reflets.jpg in Resources */,
				B152A124146FC22700F3E0D0 /* logo-reflets-header.jpg in Resources */,
				B152A126146FC8B300F3E0D0 /* Default-Portrait~ipad.png in Resources */,
				B152A128146FC8B800F3E0D0 /* Default-Landscape~ipad.png in Resources */,
				B152A12A146FC8F300F3E0D0 /* icon-app-ipad.png in Resources */,
				B18C6DA7146FF8E0004AB620 /* logo-reflets-button.png in Resources */,
				B12AA0DB147034F6004DE401 /* style.css in Resources */,
			);
			runOnlyForDeploymentPostprocessing = 0;
		};
/* End PBXResourcesBuildPhase section */

/* Begin PBXSourcesBuildPhase section */
		1D60588E0D05DD3D006BFB54 /* Sources */ = {
			isa = PBXSourcesBuildPhase;
			buildActionMask = 2147483647;
			files = (
				1D60589B0D05DD56006BFB54 /* main.m in Sources */,
				1D3623260D0F684500981E51 /* FlipViewAppDelegate.m in Sources */,
				1873AB0413D16FB3001A999B /* AFKPageFlipper.m in Sources */,
				1873AC2A13D17428001A999B /* FullScreenView.m in Sources */,
				1873AC2B13D17428001A999B /* TitleAndTextView.m in Sources */,
				1873AC2C13D17428001A999B /* UIViewExtention.m in Sources */,
				1873AC2D13D17428001A999B /* HeaderView.m in Sources */,
				1873AC2E13D17428001A999B /* FooterView.m in Sources */,
				1873AC4113D1743A001A999B /* LayoutViewExtention.m in Sources */,
				1873AC4213D1743A001A999B /* Layout5.m in Sources */,
				1873AC4313D1743A001A999B /* Layout6.m in Sources */,
				1873AC4413D1743A001A999B /* Layout7.m in Sources */,
				1873AC4513D1743A001A999B /* Layout8.m in Sources */,
				1873AC4613D1743A001A999B /* Layout4.m in Sources */,
				1873AC4713D1743A001A999B /* Layout3.m in Sources */,
				1873AC4813D1743A001A999B /* Layout2.m in Sources */,
				1873AC4913D1743A001A999B /* Layout1.m in Sources */,
				1873AC5913D17550001A999B /* MessageModel.m in Sources */,
				180E006713D19F83005DF14C /* WallViewController.m in Sources */,
				B17AF59B142623E6004B50AF /* GTMNSString+HTML.m in Sources */,
				B17AF59C142623E6004B50AF /* MWFeedInfo.m in Sources */,
				B17AF59D142623E6004B50AF /* MWFeedItem.m in Sources */,
				B17AF59E142623E6004B50AF /* MWFeedParser.m in Sources */,
				B17AF5A0142623E6004B50AF /* NSDate+InternetDateTime.m in Sources */,
				B17AF5A1142623E6004B50AF /* NSString+HTML.m in Sources */,
				B17AF5A2142623E6004B50AF /* NSString+XMLEntities.m in Sources */,
				B15AA769146D6FB000131196 /* MBProgressHUD.m in Sources */,
				B1287CDD1473797C004E2F9C /* HTMLNode.m in Sources */,
				B1287CDE1473797C004E2F9C /* HTMLParser.m in Sources */,
			);
			runOnlyForDeploymentPostprocessing = 0;
		};
/* End PBXSourcesBuildPhase section */

/* Begin XCBuildConfiguration section */
		1D6058940D05DD3E006BFB54 /* Debug */ = {
			isa = XCBuildConfiguration;
			buildSettings = {
				ALWAYS_SEARCH_USER_PATHS = YES;
				COPY_PHASE_STRIP = NO;
				GCC_DYNAMIC_NO_PIC = NO;
				GCC_OPTIMIZATION_LEVEL = 0;
				GCC_PRECOMPILE_PREFIX_HEADER = YES;
				GCC_PREFIX_HEADER = iRefletsInfo_Prefix.pch;
				INFOPLIST_FILE = "iRefletsInfo-Info.plist";
				PRODUCT_NAME = iRefletsInfo;
				USER_HEADER_SEARCH_PATHS = /usr/include/libxml2;
			};
			name = Debug;
		};
		1D6058950D05DD3E006BFB54 /* Release */ = {
			isa = XCBuildConfiguration;
			buildSettings = {
				ALWAYS_SEARCH_USER_PATHS = YES;
				COPY_PHASE_STRIP = YES;
				GCC_PRECOMPILE_PREFIX_HEADER = YES;
				GCC_PREFIX_HEADER = iRefletsInfo_Prefix.pch;
				INFOPLIST_FILE = "iRefletsInfo-Info.plist";
				PRODUCT_NAME = iRefletsInfo;
				USER_HEADER_SEARCH_PATHS = /usr/include/libxml2;
				VALIDATE_PRODUCT = YES;
			};
			name = Release;
		};
		C01FCF4F08A954540054247B /* Debug */ = {
			isa = XCBuildConfiguration;
			buildSettings = {
				ARCHS = "$(ARCHS_UNIVERSAL_IPHONE_OS)";
				"CODE_SIGN_IDENTITY[sdk=iphoneos*]" = "iPhone Developer";
				GCC_C_LANGUAGE_STANDARD = c99;
				GCC_WARN_ABOUT_RETURN_TYPE = YES;
				GCC_WARN_UNUSED_VARIABLE = YES;
				IPHONEOS_DEPLOYMENT_TARGET = 4.2;
				SDKROOT = iphoneos;
				TARGETED_DEVICE_FAMILY = 2;
			};
			name = Debug;
		};
		C01FCF5008A954540054247B /* Release */ = {
			isa = XCBuildConfiguration;
			buildSettings = {
				ARCHS = "$(ARCHS_UNIVERSAL_IPHONE_OS)";
				"CODE_SIGN_IDENTITY[sdk=iphoneos*]" = "iPhone Distribution";
				GCC_C_LANGUAGE_STANDARD = c99;
				GCC_WARN_ABOUT_RETURN_TYPE = YES;
				GCC_WARN_UNUSED_VARIABLE = YES;
				IPHONEOS_DEPLOYMENT_TARGET = 4.2;
				OTHER_CFLAGS = "-DNS_BLOCK_ASSERTIONS=1";
				"PROVISIONING_PROFILE[sdk=iphoneos*]" = "";
				SDKROOT = iphoneos;
				TARGETED_DEVICE_FAMILY = 2;
			};
			name = Release;
		};
/* End XCBuildConfiguration section */

/* Begin XCConfigurationList section */
		1D6058960D05DD3E006BFB54 /* Build configuration list for PBXNativeTarget "iRefletsInfo" */ = {
			isa = XCConfigurationList;
			buildConfigurations = (
				1D6058940D05DD3E006BFB54 /* Debug */,
				1D6058950D05DD3E006BFB54 /* Release */,
			);
			defaultConfigurationIsVisible = 0;
			defaultConfigurationName = Release;
		};
		C01FCF4E08A954540054247B /* Build configuration list for PBXProject "iRefletsInfo" */ = {
			isa = XCConfigurationList;
			buildConfigurations = (
				C01FCF4F08A954540054247B /* Debug */,
				C01FCF5008A954540054247B /* Release */,
			);
			defaultConfigurationIsVisible = 0;
			defaultConfigurationName = Release;
		};
/* End XCConfigurationList section */
	};
	rootObject = 29B97313FDCFA39411CA2CEA /* Project object */;
}
